{
  "name": "do",
  "version": "1.0.0",
  "lockfileVersion": 3,
  "requires": true,
  "packages": {
    "": {
      "name": "do",
      "version": "1.0.0",
      "license": "ISC",
      "dependencies": {
        "@supabase/supabase-js": "^2.56.0",
        "bcryptjs": "^3.0.2",
        "dotenv": "^17.2.1",
        "express-validator": "^7.2.1"
      }
    },
    "node_modules/@supabase/functions-js": {
      "version": "2.4.1",
      "resolved": "https://registry.npmjs.org/@supabase/functions-js/-/functions-js-2.4.1.tgz",
      "integrity": "sha512-+dSpJzjWwMlZRU97IP8f0xJv4Az6EcmUYZntrJzUAlYkYkoTzXdswEr2htmYlH6dZruC/6uVzR1i+2S3G5mDaw==",
      "dependencies": {
        "@supabase/node-fetch": "^2.6.14"
      }
    },
    "node_modules/@supabase/node-fetch": {
      "version": "2.6.15",
      "resolved": "https://registry.npmjs.org/@supabase/node-fetch/-/node-fetch-2.6.15.tgz",
      "integrity": "sha512-…"
    }
 
  }
}
